
Microsoft Visual Studio Solution File, Format Version 12.00
# Visual Studio 2013
VisualStudioVersion = 12.0.31101.0
MinimumVisualStudioVersion = 10.0.40219.1
Project("{FAE04EC0-301F-11D3-BF4B-00C04F79EFBC}") = "Mikkelhm.Core", "Mikkelhm.Core\Mikkelhm.Core.csproj", "{B98D15A1-8B14-4BFF-B440-A22BF21241DF}"
EndProject
Project("{FAE04EC0-301F-11D3-BF4B-00C04F79EFBC}") = "Mikkelhm.Web", "Mikkelhm.Web\Mikkelhm.Web.csproj", "{0E6FB059-BE10-4613-95D3-0BEF2C46CCD8}"
EndProject
Project("{FAE04EC0-301F-11D3-BF4B-00C04F79EFBC}") = "Mikkelhm.Web.UI", "Mikkelhm.Web.UI\Mikkelhm.Web.UI.csproj", "{2F1CADAD-89B0-4CED-A5CE-8F50CB58B4F3}"
EndProject
Global
	GlobalSection(SolutionConfigurationPlatforms) = preSolution
		Debug|Any CPU = Debug|Any CPU
		Release|Any CPU = Release|Any CPU
	EndGlobalSection
	GlobalSection(ProjectConfigurationPlatforms) = postSolution
		{B98D15A1-8B14-4BFF-B440-A22BF21241DF}.Debug|Any CPU.ActiveCfg = Debug|Any CPU
		{B98D15A1-8B14-4BFF-B440-A22BF21241DF}.Debug|Any CPU.Build.0 = Debug|Any CPU
		{B98D15A1-8B14-4BFF-B440-A22BF21241DF}.Release|Any CPU.ActiveCfg = Release|Any CPU
		{B98D15A1-8B14-4BFF-B440-A22BF21241DF}.Release|Any CPU.Build.0 = Release|Any CPU
		{0E6FB059-BE10-4613-95D3-0BEF2C46CCD8}.Debug|Any CPU.ActiveCfg = Debug|Any CPU
		{0E6FB059-BE10-4613-95D3-0BEF2C46CCD8}.Debug|Any CPU.Build.0 = Debug|Any CPU
		{0E6FB059-BE10-4613-95D3-0BEF2C46CCD8}.Release|Any CPU.ActiveCfg = Release|Any CPU
		{0E6FB059-BE10-4613-95D3-0BEF2C46CCD8}.Release|Any CPU.Build.0 = Release|Any CPU
		{2F1CADAD-89B0-4CED-A5CE-8F50CB58B4F3}.Debug|Any CPU.ActiveCfg = Debug|Any CPU
		{2F1CADAD-89B0-4CED-A5CE-8F50CB58B4F3}.Debug|Any CPU.Build.0 = Debug|Any CPU
		{2F1CADAD-89B0-4CED-A5CE-8F50CB58B4F3}.Release|Any CPU.ActiveCfg = Release|Any CPU
		{2F1CADAD-89B0-4CED-A5CE-8F50CB58B4F3}.Release|Any CPU.Build.0 = Release|Any CPU
	EndGlobalSection
	GlobalSection(SolutionProperties) = preSolution
		HideSolutionNode = FALSE
	EndGlobalSection
EndGlobal
